// !$*UTF8*$!
{
	archiveVersion = 1;
	classes = {
	};
	objectVersion = 46;
	objects = {

/* Begin PBXBuildFile section */
		4CA77E531D4E0D20008A3A65 /* RefreshActivityIndicator.swift in Sources */ = {isa = PBXBuildFile; fileRef = 4CA77E521D4E0D20008A3A65 /* RefreshActivityIndicator.swift */; };
		4CA77E571D4E1E31008A3A65 /* WETopicTableViewController.swift in Sources */ = {isa = PBXBuildFile; fileRef = 4CA77E561D4E1E31008A3A65 /* WETopicTableViewController.swift */; };
		4CA77E591D4E2082008A3A65 /* WETopicMainBodyTableViewCell.swift in Sources */ = {isa = PBXBuildFile; fileRef = 4CA77E581D4E2082008A3A65 /* WETopicMainBodyTableViewCell.swift */; };
		4CBEB7F31D4C5F970068E3E1 /* WEDataManager.m in Sources */ = {isa = PBXBuildFile; fileRef = 4CBEB7F21D4C5F960068E3E1 /* WEDataManager.m */; };
		4CBEB7F81D4C7C680068E3E1 /* WETopicSummaryCell.m in Sources */ = {isa = PBXBuildFile; fileRef = 4CBEB7F71D4C7C680068E3E1 /* WETopicSummaryCell.m */; };
		4CBEB7FC1D4C85FD0068E3E1 /* WETopicDetail.m in Sources */ = {isa = PBXBuildFile; fileRef = 4CBEB7FB1D4C85FD0068E3E1 /* WETopicDetail.m */; };
		4CE9F3C11D4F91AE0088E940 /* WETopicReplyTableViewCell.swift in Sources */ = {isa = PBXBuildFile; fileRef = 4CE9F3C01D4F91AE0088E940 /* WETopicReplyTableViewCell.swift */; };
		4CE9F3C31D4F95810088E940 /* WEReplyDetail.swift in Sources */ = {isa = PBXBuildFile; fileRef = 4CE9F3C21D4F95810088E940 /* WEReplyDetail.swift */; };
		4CE9F3C51D4F9B100088E940 /* WEUserDetail.swift in Sources */ = {isa = PBXBuildFile; fileRef = 4CE9F3C41D4F9B100088E940 /* WEUserDetail.swift */; };
		4CE9F3CB1D4FAA170088E940 /* NSString+HumanFriendlyDate.m in Sources */ = {isa = PBXBuildFile; fileRef = 4CE9F3CA1D4FAA170088E940 /* NSString+HumanFriendlyDate.m */; };
		4CFF42FD1D4C564F000CA3C5 /* main.m in Sources */ = {isa = PBXBuildFile; fileRef = 4CFF42FC1D4C564F000CA3C5 /* main.m */; };
		4CFF43001D4C564F000CA3C5 /* AppDelegate.m in Sources */ = {isa = PBXBuildFile; fileRef = 4CFF42FF1D4C564F000CA3C5 /* AppDelegate.m */; };
		4CFF43031D4C564F000CA3C5 /* WERootViewController.m in Sources */ = {isa = PBXBuildFile; fileRef = 4CFF43021D4C564F000CA3C5 /* WERootViewController.m */; };
		4CFF43061D4C564F000CA3C5 /* Main.storyboard in Resources */ = {isa = PBXBuildFile; fileRef = 4CFF43041D4C564F000CA3C5 /* Main.storyboard */; };
		4CFF43081D4C5650000CA3C5 /* Assets.xcassets in Resources */ = {isa = PBXBuildFile; fileRef = 4CFF43071D4C5650000CA3C5 /* Assets.xcassets */; };
		4CFF430B1D4C5650000CA3C5 /* LaunchScreen.storyboard in Resources */ = {isa = PBXBuildFile; fileRef = 4CFF43091D4C5650000CA3C5 /* LaunchScreen.storyboard */; };
		F92DA37F419F42DF7644633E /* Pods_weToExplore.framework in Frameworks */ = {isa = PBXBuildFile; fileRef = 285ADCED69BC27ED679B550E /* Pods_weToExplore.framework */; };
/* End PBXBuildFile section */

/* Begin PBXFileReference section */
		285ADCED69BC27ED679B550E /* Pods_weToExplore.framework */ = {isa = PBXFileReference; explicitFileType = wrapper.framework; includeInIndex = 0; path = Pods_weToExplore.framework; sourceTree = BUILT_PRODUCTS_DIR; };
		3CA1ACDF3ECBDEEE5DB0A2CB /* Pods-weToExplore.debug.xcconfig */ = {isa = PBXFileReference; includeInIndex = 1; lastKnownFileType = text.xcconfig; name = "Pods-weToExplore.debug.xcconfig"; path = "Pods/Target Support Files/Pods-weToExplore/Pods-weToExplore.debug.xcconfig"; sourceTree = "<group>"; };
		4CA77E511D4E0D20008A3A65 /* weToExplore-Bridging-Header.h */ = {isa = PBXFileReference; lastKnownFileType = sourcecode.c.h; path = "weToExplore-Bridging-Header.h"; sourceTree = "<group>"; };
		4CA77E521D4E0D20008A3A65 /* RefreshActivityIndicator.swift */ = {isa = PBXFileReference; fileEncoding = 4; lastKnownFileType = sourcecode.swift; path = RefreshActivityIndicator.swift; sourceTree = "<group>"; };
		4CA77E561D4E1E31008A3A65 /* WETopicTableViewController.swift */ = {isa = PBXFileReference; fileEncoding = 4; lastKnownFileType = sourcecode.swift; path = WETopicTableViewController.swift; sourceTree = "<group>"; };
		4CA77E581D4E2082008A3A65 /* WETopicMainBodyTableViewCell.swift */ = {isa = PBXFileReference; fileEncoding = 4; lastKnownFileType = sourcecode.swift; path = WETopicMainBodyTableViewCell.swift; sourceTree = "<group>"; };
		4CBEB7F11D4C5F960068E3E1 /* WEDataManager.h */ = {isa = PBXFileReference; fileEncoding = 4; lastKnownFileType = sourcecode.c.h; path = WEDataManager.h; sourceTree = "<group>"; };
		4CBEB7F21D4C5F960068E3E1 /* WEDataManager.m */ = {isa = PBXFileReference; fileEncoding = 4; lastKnownFileType = sourcecode.c.objc; path = WEDataManager.m; sourceTree = "<group>"; };
		4CBEB7F61D4C7C680068E3E1 /* WETopicSummaryCell.h */ = {isa = PBXFileReference; fileEncoding = 4; lastKnownFileType = sourcecode.c.h; path = WETopicSummaryCell.h; sourceTree = "<group>"; };
		4CBEB7F71D4C7C680068E3E1 /* WETopicSummaryCell.m */ = {isa = PBXFileReference; fileEncoding = 4; lastKnownFileType = sourcecode.c.objc; path = WETopicSummaryCell.m; sourceTree = "<group>"; };
		4CBEB7FA1D4C85FD0068E3E1 /* WETopicDetail.h */ = {isa = PBXFileReference; fileEncoding = 4; lastKnownFileType = sourcecode.c.h; path = WETopicDetail.h; sourceTree = "<group>"; };
		4CBEB7FB1D4C85FD0068E3E1 /* WETopicDetail.m */ = {isa = PBXFileReference; fileEncoding = 4; lastKnownFileType = sourcecode.c.objc; path = WETopicDetail.m; sourceTree = "<group>"; };
		4CD5E2E01D4CD1C900CA0110 /* zh-Hans */ = {isa = PBXFileReference; lastKnownFileType = text.plist.strings; name = "zh-Hans"; path = "zh-Hans.lproj/Main.strings"; sourceTree = "<group>"; };
		4CD5E2E11D4CD1C900CA0110 /* zh-Hans */ = {isa = PBXFileReference; lastKnownFileType = text.plist.strings; name = "zh-Hans"; path = "zh-Hans.lproj/LaunchScreen.strings"; sourceTree = "<group>"; };
		4CE9F3C01D4F91AE0088E940 /* WETopicReplyTableViewCell.swift */ = {isa = PBXFileReference; fileEncoding = 4; lastKnownFileType = sourcecode.swift; path = WETopicReplyTableViewCell.swift; sourceTree = "<group>"; };
		4CE9F3C21D4F95810088E940 /* WEReplyDetail.swift */ = {isa = PBXFileReference; fileEncoding = 4; lastKnownFileType = sourcecode.swift; path = WEReplyDetail.swift; sourceTree = "<group>"; };
		4CE9F3C41D4F9B100088E940 /* WEUserDetail.swift */ = {isa = PBXFileReference; fileEncoding = 4; lastKnownFileType = sourcecode.swift; path = WEUserDetail.swift; sourceTree = "<group>"; };
		4CE9F3C91D4FAA170088E940 /* NSString+HumanFriendlyDate.h */ = {isa = PBXFileReference; fileEncoding = 4; lastKnownFileType = sourcecode.c.h; path = "NSString+HumanFriendlyDate.h"; sourceTree = "<group>"; };
		4CE9F3CA1D4FAA170088E940 /* NSString+HumanFriendlyDate.m */ = {isa = PBXFileReference; fileEncoding = 4; lastKnownFileType = sourcecode.c.objc; path = "NSString+HumanFriendlyDate.m"; sourceTree = "<group>"; };
		4CFF42F81D4C564F000CA3C5 /* weToExplore.app */ = {isa = PBXFileReference; explicitFileType = wrapper.application; includeInIndex = 0; path = weToExplore.app; sourceTree = BUILT_PRODUCTS_DIR; };
		4CFF42FC1D4C564F000CA3C5 /* main.m */ = {isa = PBXFileReference; lastKnownFileType = sourcecode.c.objc; path = main.m; sourceTree = "<group>"; };
		4CFF42FE1D4C564F000CA3C5 /* AppDelegate.h */ = {isa = PBXFileReference; lastKnownFileType = sourcecode.c.h; path = AppDelegate.h; sourceTree = "<group>"; };
		4CFF42FF1D4C564F000CA3C5 /* AppDelegate.m */ = {isa = PBXFileReference; lastKnownFileType = sourcecode.c.objc; path = AppDelegate.m; sourceTree = "<group>"; };
		4CFF43011D4C564F000CA3C5 /* WERootViewController.h */ = {isa = PBXFileReference; lastKnownFileType = sourcecode.c.h; path = WERootViewController.h; sourceTree = "<group>"; };
		4CFF43021D4C564F000CA3C5 /* WERootViewController.m */ = {isa = PBXFileReference; lastKnownFileType = sourcecode.c.objc; path = WERootViewController.m; sourceTree = "<group>"; };
		4CFF43051D4C564F000CA3C5 /* Base */ = {isa = PBXFileReference; lastKnownFileType = file.storyboard; name = Base; path = Base.lproj/Main.storyboard; sourceTree = "<group>"; };
		4CFF43071D4C5650000CA3C5 /* Assets.xcassets */ = {isa = PBXFileReference; lastKnownFileType = folder.assetcatalog; path = Assets.xcassets; sourceTree = "<group>"; };
		4CFF430A1D4C5650000CA3C5 /* Base */ = {isa = PBXFileReference; lastKnownFileType = file.storyboard; name = Base; path = Base.lproj/LaunchScreen.storyboard; sourceTree = "<group>"; };
		4CFF430C1D4C5650000CA3C5 /* Info.plist */ = {isa = PBXFileReference; lastKnownFileType = text.plist.xml; path = Info.plist; sourceTree = "<group>"; };
		743EAD76CC1703ECC33DAC32 /* Pods-weToExplore.release.xcconfig */ = {isa = PBXFileReference; includeInIndex = 1; lastKnownFileType = text.xcconfig; name = "Pods-weToExplore.release.xcconfig"; path = "Pods/Target Support Files/Pods-weToExplore/Pods-weToExplore.release.xcconfig"; sourceTree = "<group>"; };
/* End PBXFileReference section */

/* Begin PBXFrameworksBuildPhase section */
		4CFF42F51D4C564F000CA3C5 /* Frameworks */ = {
			isa = PBXFrameworksBuildPhase;
			buildActionMask = 2147483647;
			files = (
				F92DA37F419F42DF7644633E /* Pods_weToExplore.framework in Frameworks */,
			);
			runOnlyForDeploymentPostprocessing = 0;
		};
/* End PBXFrameworksBuildPhase section */

/* Begin PBXGroup section */
		3332E5609C43BE1D1F88A2FC /* Pods */ = {
			isa = PBXGroup;
			children = (
				3CA1ACDF3ECBDEEE5DB0A2CB /* Pods-weToExplore.debug.xcconfig */,
				743EAD76CC1703ECC33DAC32 /* Pods-weToExplore.release.xcconfig */,
			);
			name = Pods;
			sourceTree = "<group>";
		};
		4CBEB7F51D4C7AB50068E3E1 /* Model */ = {
			isa = PBXGroup;
			children = (
				4CBEB7FA1D4C85FD0068E3E1 /* WETopicDetail.h */,
				4CBEB7FB1D4C85FD0068E3E1 /* WETopicDetail.m */,
				4CBEB7F11D4C5F960068E3E1 /* WEDataManager.h */,
				4CBEB7F21D4C5F960068E3E1 /* WEDataManager.m */,
				4CE9F3C21D4F95810088E940 /* WEReplyDetail.swift */,
				4CE9F3C41D4F9B100088E940 /* WEUserDetail.swift */,
			);
			name = Model;
			sourceTree = "<group>";
		};
		4CBEB7F91D4C7C6E0068E3E1 /* View */ = {
			isa = PBXGroup;
			children = (
				4CA77E521D4E0D20008A3A65 /* RefreshActivityIndicator.swift */,
				4CBEB7F61D4C7C680068E3E1 /* WETopicSummaryCell.h */,
				4CBEB7F71D4C7C680068E3E1 /* WETopicSummaryCell.m */,
				4CA77E511D4E0D20008A3A65 /* weToExplore-Bridging-Header.h */,
				4CA77E581D4E2082008A3A65 /* WETopicMainBodyTableViewCell.swift */,
				4CE9F3C01D4F91AE0088E940 /* WETopicReplyTableViewCell.swift */,
			);
			name = View;
			sourceTree = "<group>";
		};
		4CFF42EF1D4C564F000CA3C5 = {
			isa = PBXGroup;
			children = (
				4CFF42FA1D4C564F000CA3C5 /* weToExplore */,
				4CFF42F91D4C564F000CA3C5 /* Products */,
				3332E5609C43BE1D1F88A2FC /* Pods */,
				68F0125053A0A6E37AD01CA3 /* Frameworks */,
			);
			sourceTree = "<group>";
		};
		4CFF42F91D4C564F000CA3C5 /* Products */ = {
			isa = PBXGroup;
			children = (
				4CFF42F81D4C564F000CA3C5 /* weToExplore.app */,
			);
			name = Products;
			sourceTree = "<group>";
		};
		4CFF42FA1D4C564F000CA3C5 /* weToExplore */ = {
			isa = PBXGroup;
			children = (
				4CE9F3C91D4FAA170088E940 /* NSString+HumanFriendlyDate.h */,
				4CE9F3CA1D4FAA170088E940 /* NSString+HumanFriendlyDate.m */,
				4CFF43011D4C564F000CA3C5 /* WERootViewController.h */,
				4CFF43021D4C564F000CA3C5 /* WERootViewController.m */,
				4CA77E561D4E1E31008A3A65 /* WETopicTableViewController.swift */,
				4CFF43041D4C564F000CA3C5 /* Main.storyboard */,
				4CBEB7F51D4C7AB50068E3E1 /* Model */,
				4CBEB7F91D4C7C6E0068E3E1 /* View */,
				4CFF42FB1D4C564F000CA3C5 /* Supporting Files */,
			);
			path = weToExplore;
			sourceTree = "<group>";
		};
		4CFF42FB1D4C564F000CA3C5 /* Supporting Files */ = {
			isa = PBXGroup;
			children = (
				4CFF430C1D4C5650000CA3C5 /* Info.plist */,
				4CFF42FE1D4C564F000CA3C5 /* AppDelegate.h */,
				4CFF42FF1D4C564F000CA3C5 /* AppDelegate.m */,
				4CFF43071D4C5650000CA3C5 /* Assets.xcassets */,
				4CFF43091D4C5650000CA3C5 /* LaunchScreen.storyboard */,
				4CFF42FC1D4C564F000CA3C5 /* main.m */,
			);
			name = "Supporting Files";
			sourceTree = "<group>";
		};
		68F0125053A0A6E37AD01CA3 /* Frameworks */ = {
			isa = PBXGroup;
			children = (
				285ADCED69BC27ED679B550E /* Pods_weToExplore.framework */,
			);
			name = Frameworks;
			sourceTree = "<group>";
		};
/* End PBXGroup section */

/* Begin PBXNativeTarget section */
		4CFF42F71D4C564F000CA3C5 /* weToExplore */ = {
			isa = PBXNativeTarget;
			buildConfigurationList = 4CFF430F1D4C5650000CA3C5 /* Build configuration list for PBXNativeTarget "weToExplore" */;
			buildPhases = (
				3EA1135FB1CB355F7DD343FF /* [CP] Check Pods Manifest.lock */,
				4CFF42F41D4C564F000CA3C5 /* Sources */,
				4CFF42F51D4C564F000CA3C5 /* Frameworks */,
				4CFF42F61D4C564F000CA3C5 /* Resources */,
				FC26C7DE910259A3EA39898F /* [CP] Embed Pods Frameworks */,
				5A90121D4D4384122364DE3D /* [CP] Copy Pods Resources */,
			);
			buildRules = (
			);
			dependencies = (
			);
			name = weToExplore;
			productName = weToExplore;
			productReference = 4CFF42F81D4C564F000CA3C5 /* weToExplore.app */;
			productType = "com.apple.product-type.application";
		};
/* End PBXNativeTarget section */

/* Begin PBXProject section */
		4CFF42F01D4C564F000CA3C5 /* Project object */ = {
			isa = PBXProject;
			attributes = {
				CLASSPREFIX = WE;
				LastUpgradeCheck = 0730;
				ORGANIZATIONNAME = Gnodnate;
				TargetAttributes = {
					4CFF42F71D4C564F000CA3C5 = {
						CreatedOnToolsVersion = 7.3.1;
						DevelopmentTeam = 4S8GPRL5N3;
					};
				};
			};
			buildConfigurationList = 4CFF42F31D4C564F000CA3C5 /* Build configuration list for PBXProject "weToExplore" */;
			compatibilityVersion = "Xcode 3.2";
			developmentRegion = English;
			hasScannedForEncodings = 0;
			knownRegions = (
				en,
				Base,
			);
			mainGroup = 4CFF42EF1D4C564F000CA3C5;
			productRefGroup = 4CFF42F91D4C564F000CA3C5 /* Products */;
			projectDirPath = "";
			projectRoot = "";
			targets = (
				4CFF42F71D4C564F000CA3C5 /* weToExplore */,
			);
		};
/* End PBXProject section */

/* Begin PBXResourcesBuildPhase section */
		4CFF42F61D4C564F000CA3C5 /* Resources */ = {
			isa = PBXResourcesBuildPhase;
			buildActionMask = 2147483647;
			files = (
				4CFF430B1D4C5650000CA3C5 /* LaunchScreen.storyboard in Resources */,
				4CFF43081D4C5650000CA3C5 /* Assets.xcassets in Resources */,
				4CFF43061D4C564F000CA3C5 /* Main.storyboard in Resources */,
			);
			runOnlyForDeploymentPostprocessing = 0;
		};
/* End PBXResourcesBuildPhase section */

/* Begin PBXShellScriptBuildPhase section */
		3EA1135FB1CB355F7DD343FF /* [CP] Check Pods Manifest.lock */ = {
			isa = PBXShellScriptBuildPhase;
			buildActionMask = 2147483647;
			files = (
			);
			inputPaths = (
			);
			name = "[CP] Check Pods Manifest.lock";
			outputPaths = (
			);
			runOnlyForDeploymentPostprocessing = 0;
			shellPath = /bin/sh;
			shellScript = "diff \"${PODS_ROOT}/../Podfile.lock\" \"${PODS_ROOT}/Manifest.lock\" > /dev/null\nif [[ $? != 0 ]] ; then\n    cat << EOM\nerror: The sandbox is not in sync with the Podfile.lock. Run 'pod install' or update your CocoaPods installation.\nEOM\n    exit 1\nfi\n";
			showEnvVarsInLog = 0;
		};
		5A90121D4D4384122364DE3D /* [CP] Copy Pods Resources */ = {
			isa = PBXShellScriptBuildPhase;
			buildActionMask = 2147483647;
			files = (
			);
			inputPaths = (
			);
			name = "[CP] Copy Pods Resources";
			outputPaths = (
			);
			runOnlyForDeploymentPostprocessing = 0;
			shellPath = /bin/sh;
			shellScript = "\"${SRCROOT}/Pods/Target Support Files/Pods-weToExplore/Pods-weToExplore-resources.sh\"\n";
			showEnvVarsInLog = 0;
		};
		FC26C7DE910259A3EA39898F /* [CP] Embed Pods Frameworks */ = {
			isa = PBXShellScriptBuildPhase;
			buildActionMask = 2147483647;
			files = (
			);
			inputPaths = (
			);
			name = "[CP] Embed Pods Frameworks";
			outputPaths = (
			);
			runOnlyForDeploymentPostprocessing = 0;
			shellPath = /bin/sh;
			shellScript = "\"${SRCROOT}/Pods/Target Support Files/Pods-weToExplore/Pods-weToExplore-frameworks.sh\"\n";
			showEnvVarsInLog = 0;
		};
/* End PBXShellScriptBuildPhase section */

/* Begin PBXSourcesBuildPhase section */
		4CFF42F41D4C564F000CA3C5 /* Sources */ = {
			isa = PBXSourcesBuildPhase;
			buildActionMask = 2147483647;
			files = (
				4CFF43031D4C564F000CA3C5 /* WERootViewController.m in Sources */,
				4CFF43001D4C564F000CA3C5 /* AppDelegate.m in Sources */,
				4CE9F3CB1D4FAA170088E940 /* NSString+HumanFriendlyDate.m in Sources */,
				4CA77E591D4E2082008A3A65 /* WETopicMainBodyTableViewCell.swift in Sources */,
				4CA77E571D4E1E31008A3A65 /* WETopicTableViewController.swift in Sources */,
				4CE9F3C11D4F91AE0088E940 /* WETopicReplyTableViewCell.swift in Sources */,
				4CBEB7FC1D4C85FD0068E3E1 /* WETopicDetail.m in Sources */,
				4CBEB7F31D4C5F970068E3E1 /* WEDataManager.m in Sources */,
				4CA77E531D4E0D20008A3A65 /* RefreshActivityIndicator.swift in Sources */,
				4CBEB7F81D4C7C680068E3E1 /* WETopicSummaryCell.m in Sources */,
				4CE9F3C31D4F95810088E940 /* WEReplyDetail.swift in Sources */,
				4CFF42FD1D4C564F000CA3C5 /* main.m in Sources */,
				4CE9F3C51D4F9B100088E940 /* WEUserDetail.swift in Sources */,
			);
			runOnlyForDeploymentPostprocessing = 0;
		};
/* End PBXSourcesBuildPhase section */

/* Begin PBXVariantGroup section */
		4CFF43041D4C564F000CA3C5 /* Main.storyboard */ = {
			isa = PBXVariantGroup;
			children = (
				4CFF43051D4C564F000CA3C5 /* Base */,
				4CD5E2E01D4CD1C900CA0110 /* zh-Hans */,
			);
			name = Main.storyboard;
			sourceTree = "<group>";
		};
		4CFF43091D4C5650000CA3C5 /* LaunchScreen.storyboard */ = {
			isa = PBXVariantGroup;
			children = (
				4CFF430A1D4C5650000CA3C5 /* Base */,
				4CD5E2E11D4CD1C900CA0110 /* zh-Hans */,
			);
			name = LaunchScreen.storyboard;
			sourceTree = "<group>";
		};
/* End PBXVariantGroup section */

/* Begin XCBuildConfiguration section */
		4CFF430D1D4C5650000CA3C5 /* Debug */ = {
			isa = XCBuildConfiguration;
			buildSettings = {
				ALWAYS_SEARCH_USER_PATHS = NO;
				CLANG_ANALYZER_NONNULL = YES;
				CLANG_CXX_LANGUAGE_STANDARD = "gnu++0x";
				CLANG_CXX_LIBRARY = "libc++";
				CLANG_ENABLE_MODULES = YES;
				CLANG_ENABLE_OBJC_ARC = YES;
				CLANG_WARN_BOOL_CONVERSION = YES;
				CLANG_WARN_CONSTANT_CONVERSION = YES;
				CLANG_WARN_DIRECT_OBJC_ISA_USAGE = YES_ERROR;
				CLANG_WARN_EMPTY_BODY = YES;
				CLANG_WARN_ENUM_CONVERSION = YES;
				CLANG_WARN_INT_CONVERSION = YES;
				CLANG_WARN_OBJC_ROOT_CLASS = YES_ERROR;
				CLANG_WARN_UNREACHABLE_CODE = YES;
				CLANG_WARN__DUPLICATE_METHOD_MATCH = YES;
				"CODE_SIGN_IDENTITY[sdk=iphoneos*]" = "iPhone Developer";
				COPY_PHASE_STRIP = NO;
				DEBUG_INFORMATION_FORMAT = dwarf;
				ENABLE_STRICT_OBJC_MSGSEND = YES;
				ENABLE_TESTABILITY = YES;
				GCC_C_LANGUAGE_STANDARD = gnu99;
				GCC_DYNAMIC_NO_PIC = NO;
				GCC_NO_COMMON_BLOCKS = YES;
				GCC_OPTIMIZATION_LEVEL = 0;
				GCC_PREPROCESSOR_DEFINITIONS = (
					"DEBUG=1",
					"$(inherited)",
				);
				GCC_WARN_64_TO_32_BIT_CONVERSION = YES;
				GCC_WARN_ABOUT_RETURN_TYPE = YES_ERROR;
				GCC_WARN_UNDECLARED_SELECTOR = YES;
				GCC_WARN_UNINITIALIZED_AUTOS = YES_AGGRESSIVE;
				GCC_WARN_UNUSED_FUNCTION = YES;
				GCC_WARN_UNUSED_VARIABLE = YES;
				IPHONEOS_DEPLOYMENT_TARGET = 9.3;
				MTL_ENABLE_DEBUG_INFO = YES;
				ONLY_ACTIVE_ARCH = YES;
				SDKROOT = iphoneos;
			};
			name = Debug;
		};
		4CFF430E1D4C5650000CA3C5 /* Release */ = {
			isa = XCBuildConfiguration;
			buildSettings = {
				ALWAYS_SEARCH_USER_PATHS = NO;
				CLANG_ANALYZER_NONNULL = YES;
				CLANG_CXX_LANGUAGE_STANDARD = "gnu++0x";
				CLANG_CXX_LIBRARY = "libc++";
				CLANG_ENABLE_MODULES = YES;
				CLANG_ENABLE_OBJC_ARC = YES;
				CLANG_WARN_BOOL_CONVERSION = YES;
				CLANG_WARN_CONSTANT_CONVERSION = YES;
				CLANG_WARN_DIRECT_OBJC_ISA_USAGE = YES_ERROR;
				CLANG_WARN_EMPTY_BODY = YES;
				CLANG_WARN_ENUM_CONVERSION = YES;
				CLANG_WARN_INT_CONVERSION = YES;
				CLANG_WARN_OBJC_ROOT_CLASS = YES_ERROR;
				CLANG_WARN_UNREACHABLE_CODE = YES;
				CLANG_WARN__DUPLICATE_METHOD_MATCH = YES;
				"CODE_SIGN_IDENTITY[sdk=iphoneos*]" = "iPhone Developer";
				COPY_PHASE_STRIP = NO;
				DEBUG_INFORMATION_FORMAT = "dwarf-with-dsym";
				ENABLE_NS_ASSERTIONS = NO;
				ENABLE_STRICT_OBJC_MSGSEND = YES;
				GCC_C_LANGUAGE_STANDARD = gnu99;
				GCC_NO_COMMON_BLOCKS = YES;
				GCC_WARN_64_TO_32_BIT_CONVERSION = YES;
				GCC_WARN_ABOUT_RETURN_TYPE = YES_ERROR;
				GCC_WARN_UNDECLARED_SELECTOR = YES;
				GCC_WARN_UNINITIALIZED_AUTOS = YES_AGGRESSIVE;
				GCC_WARN_UNUSED_FUNCTION = YES;
				GCC_WARN_UNUSED_VARIABLE = YES;
				IPHONEOS_DEPLOYMENT_TARGET = 9.3;
				MTL_ENABLE_DEBUG_INFO = NO;
				SDKROOT = iphoneos;
				VALIDATE_PRODUCT = YES;
			};
			name = Release;
		};
		4CFF43101D4C5650000CA3C5 /* Debug */ = {
			isa = XCBuildConfiguration;
			baseConfigurationReference = 3CA1ACDF3ECBDEEE5DB0A2CB /* Pods-weToExplore.debug.xcconfig */;
			buildSettings = {
				ASSETCATALOG_COMPILER_APPICON_NAME = AppIcon;
				CLANG_ENABLE_MODULES = YES;
				CODE_SIGN_IDENTITY = "iPhone Developer";
				"CODE_SIGN_IDENTITY[sdk=iphoneos*]" = "iPhone Developer";
				INFOPLIST_FILE = weToExplore/Info.plist;
				LD_RUNPATH_SEARCH_PATHS = "$(inherited) @executable_path/Frameworks";
				PRODUCT_BUNDLE_IDENTIFIER = com.gnodnate.weToExplore;
				PRODUCT_NAME = "$(TARGET_NAME)";
				PROVISIONING_PROFILE = "";
				SWIFT_OBJC_BRIDGING_HEADER = "weToExplore/weToExplore-Bridging-Header.h";
				SWIFT_OPTIMIZATION_LEVEL = "-Onone";
			};
			name = Debug;
		};
		4CFF43111D4C5650000CA3C5 /* Release */ = {
			isa = XCBuildConfiguration;
			baseConfigurationReference = 743EAD76CC1703ECC33DAC32 /* Pods-weToExplore.release.xcconfig */;
			buildSettings = {
				ASSETCATALOG_COMPILER_APPICON_NAME = AppIcon;
				CLANG_ENABLE_MODULES = YES;
				CODE_SIGN_IDENTITY = "iPhone Developer";
				"CODE_SIGN_IDENTITY[sdk=iphoneos*]" = "iPhone Developer";
				INFOPLIST_FILE = weToExplore/Info.plist;
				LD_RUNPATH_SEARCH_PATHS = "$(inherited) @executable_path/Frameworks";
				PRODUCT_BUNDLE_IDENTIFIER = com.gnodnate.weToExplore;
				PRODUCT_NAME = "$(TARGET_NAME)";
				PROVISIONING_PROFILE = "";
				SWIFT_OBJC_BRIDGING_HEADER = "weToExplore/weToExplore-Bridging-Header.h";
			};
			name = Release;
		};
/* End XCBuildConfiguration section */

/* Begin XCConfigurationList section */
		4CFF42F31D4C564F000CA3C5 /* Build configuration list for PBXProject "weToExplore" */ = {
			isa = XCConfigurationList;
			buildConfigurations = (
				4CFF430D1D4C5650000CA3C5 /* Debug */,
				4CFF430E1D4C5650000CA3C5 /* Release */,
			);
			defaultConfigurationIsVisible = 0;
			defaultConfigurationName = Release;
		};
		4CFF430F1D4C5650000CA3C5 /* Build configuration list for PBXNativeTarget "weToExplore" */ = {
			isa = XCConfigurationList;
			buildConfigurations = (
				4CFF43101D4C5650000CA3C5 /* Debug */,
				4CFF43111D4C5650000CA3C5 /* Release */,
			);
			defaultConfigurationIsVisible = 0;
			defaultConfigurationName = Release;
		};
/* End XCConfigurationList section */
	};
	rootObject = 4CFF42F01D4C564F000CA3C5 /* Project object */;
}
